// !$*UTF8*$!
{
	archiveVersion = 1;
	classes = {
	};
	objectVersion = 55;
	objects = {

/* Begin PBXBuildFile section */
		093AE3692956A07700CE1A61 /* AppDelegate.swift in Sources */ = {isa = PBXBuildFile; fileRef = 093AE3682956A07700CE1A61 /* AppDelegate.swift */; };
		093AE36B2956A07700CE1A61 /* SceneDelegate.swift in Sources */ = {isa = PBXBuildFile; fileRef = 093AE36A2956A07700CE1A61 /* SceneDelegate.swift */; };
		093AE36D2956A07700CE1A61 /* ViewController.swift in Sources */ = {isa = PBXBuildFile; fileRef = 093AE36C2956A07700CE1A61 /* ViewController.swift */; };
		093AE3702956A07700CE1A61 /* Main.storyboard in Resources */ = {isa = PBXBuildFile; fileRef = 093AE36E2956A07700CE1A61 /* Main.storyboard */; };
		093AE3752956A07900CE1A61 /* Assets.xcassets in Resources */ = {isa = PBXBuildFile; fileRef = 093AE3742956A07900CE1A61 /* Assets.xcassets */; };
		093AE3782956A07900CE1A61 /* LaunchScreen.storyboard in Resources */ = {isa = PBXBuildFile; fileRef = 093AE3762956A07900CE1A61 /* LaunchScreen.storyboard */; };
		093AE37F2956EB1200CE1A61 /* Model.xcdatamodeld in Sources */ = {isa = PBXBuildFile; fileRef = 093AE3712956A07700CE1A61 /* Model.xcdatamodeld */; };
		093AE38D2956EFB900CE1A61 /* Person.swift in Sources */ = {isa = PBXBuildFile; fileRef = 093AE38C2956EFB900CE1A61 /* Person.swift */; };
		09C94FE82958B0E70080EF10 /* PersistenceManager.swift.swift in Sources */ = {isa = PBXBuildFile; fileRef = 09C94FE72958B0E70080EF10 /* PersistenceManager.swift.swift */; };
		09CA2F8E295A8F2100CE32A9 /* Contact+CoreDataClass.swift in Sources */ = {isa = PBXBuildFile; fileRef = 09CA2F8C295A8F2100CE32A9 /* Contact+CoreDataClass.swift */; };
		09CA2F8F295A8F2100CE32A9 /* Contact+CoreDataProperties.swift in Sources */ = {isa = PBXBuildFile; fileRef = 09CA2F8D295A8F2100CE32A9 /* Contact+CoreDataProperties.swift */; };
/* End PBXBuildFile section */

/* Begin PBXFileReference section */
		093AE3652956A07700CE1A61 /* CoreData_Practice.app */ = {isa = PBXFileReference; explicitFileType = wrapper.application; includeInIndex = 0; path = CoreData_Practice.app; sourceTree = BUILT_PRODUCTS_DIR; };
		093AE3682956A07700CE1A61 /* AppDelegate.swift */ = {isa = PBXFileReference; lastKnownFileType = sourcecode.swift; path = AppDelegate.swift; sourceTree = "<group>"; };
		093AE36A2956A07700CE1A61 /* SceneDelegate.swift */ = {isa = PBXFileReference; lastKnownFileType = sourcecode.swift; path = SceneDelegate.swift; sourceTree = "<group>"; };
		093AE36C2956A07700CE1A61 /* ViewController.swift */ = {isa = PBXFileReference; lastKnownFileType = sourcecode.swift; path = ViewController.swift; sourceTree = "<group>"; };
		093AE36F2956A07700CE1A61 /* Base */ = {isa = PBXFileReference; lastKnownFileType = file.storyboard; name = Base; path = Base.lproj/Main.storyboard; sourceTree = "<group>"; };
		093AE3722956A07700CE1A61 /* CoreData_Practice.xcdatamodel */ = {isa = PBXFileReference; lastKnownFileType = wrapper.xcdatamodel; path = CoreData_Practice.xcdatamodel; sourceTree = "<group>"; };
		093AE3742956A07900CE1A61 /* Assets.xcassets */ = {isa = PBXFileReference; lastKnownFileType = folder.assetcatalog; path = Assets.xcassets; sourceTree = "<group>"; };
		093AE3772956A07900CE1A61 /* Base */ = {isa = PBXFileReference; lastKnownFileType = file.storyboard; name = Base; path = Base.lproj/LaunchScreen.storyboard; sourceTree = "<group>"; };
		093AE3792956A07900CE1A61 /* Info.plist */ = {isa = PBXFileReference; lastKnownFileType = text.plist.xml; path = Info.plist; sourceTree = "<group>"; };
		093AE38C2956EFB900CE1A61 /* Person.swift */ = {isa = PBXFileReference; lastKnownFileType = sourcecode.swift; path = Person.swift; sourceTree = "<group>"; };
		09C94FE72958B0E70080EF10 /* PersistenceManager.swift.swift */ = {isa = PBXFileReference; lastKnownFileType = sourcecode.swift; path = PersistenceManager.swift.swift; sourceTree = "<group>"; };
		09CA2F8C295A8F2100CE32A9 /* Contact+CoreDataClass.swift */ = {isa = PBXFileReference; lastKnownFileType = sourcecode.swift; path = "Contact+CoreDataClass.swift"; sourceTree = "<group>"; };
		09CA2F8D295A8F2100CE32A9 /* Contact+CoreDataProperties.swift */ = {isa = PBXFileReference; lastKnownFileType = sourcecode.swift; path = "Contact+CoreDataProperties.swift"; sourceTree = "<group>"; };
/* End PBXFileReference section */

/* Begin PBXFrameworksBuildPhase section */
		093AE3622956A07700CE1A61 /* Frameworks */ = {
			isa = PBXFrameworksBuildPhase;
			buildActionMask = 2147483647;
			files = (
			);
			runOnlyForDeploymentPostprocessing = 0;
		};
/* End PBXFrameworksBuildPhase section */

/* Begin PBXGroup section */
		093AE35C2956A07700CE1A61 = {
			isa = PBXGroup;
			children = (
				09CA2F8C295A8F2100CE32A9 /* Contact+CoreDataClass.swift */,
				09CA2F8D295A8F2100CE32A9 /* Contact+CoreDataProperties.swift */,
				093AE3672956A07700CE1A61 /* CoreData_Practice */,
				093AE3662956A07700CE1A61 /* Products */,
			);
			sourceTree = "<group>";
		};
		093AE3662956A07700CE1A61 /* Products */ = {
			isa = PBXGroup;
			children = (
				093AE3652956A07700CE1A61 /* CoreData_Practice.app */,
			);
			name = Products;
			sourceTree = "<group>";
		};
		093AE3672956A07700CE1A61 /* CoreData_Practice */ = {
			isa = PBXGroup;
			children = (
				093AE3682956A07700CE1A61 /* AppDelegate.swift */,
				093AE36A2956A07700CE1A61 /* SceneDelegate.swift */,
				093AE36C2956A07700CE1A61 /* ViewController.swift */,
				093AE36E2956A07700CE1A61 /* Main.storyboard */,
				093AE3742956A07900CE1A61 /* Assets.xcassets */,
				093AE3762956A07900CE1A61 /* LaunchScreen.storyboard */,
				093AE3792956A07900CE1A61 /* Info.plist */,
				093AE3712956A07700CE1A61 /* Model.xcdatamodeld */,
				093AE38C2956EFB900CE1A61 /* Person.swift */,
				09C94FE72958B0E70080EF10 /* PersistenceManager.swift.swift */,
			);
			path = CoreData_Practice;
			sourceTree = "<group>";
		};
/* End PBXGroup section */

/* Begin PBXNativeTarget section */
		093AE3642956A07700CE1A61 /* CoreData_Practice */ = {
			isa = PBXNativeTarget;
			buildConfigurationList = 093AE37C2956A07900CE1A61 /* Build configuration list for PBXNativeTarget "CoreData_Practice" */;
			buildPhases = (
				093AE3612956A07700CE1A61 /* Sources */,
				093AE3622956A07700CE1A61 /* Frameworks */,
				093AE3632956A07700CE1A61 /* Resources */,
			);
			buildRules = (
			);
			dependencies = (
			);
			name = CoreData_Practice;
			productName = CoreData_Practice;
			productReference = 093AE3652956A07700CE1A61 /* CoreData_Practice.app */;
			productType = "com.apple.product-type.application";
		};
/* End PBXNativeTarget section */

/* Begin PBXProject section */
		093AE35D2956A07700CE1A61 /* Project object */ = {
			isa = PBXProject;
			attributes = {
				BuildIndependentTargetsInParallel = 1;
				LastSwiftUpdateCheck = 1340;
				LastUpgradeCheck = 1340;
				TargetAttributes = {
					093AE3642956A07700CE1A61 = {
						CreatedOnToolsVersion = 13.4.1;
					};
				};
			};
			buildConfigurationList = 093AE3602956A07700CE1A61 /* Build configuration list for PBXProject "CoreData_Practice" */;
			compatibilityVersion = "Xcode 13.0";
			developmentRegion = en;
			hasScannedForEncodings = 0;
			knownRegions = (
				en,
				Base,
			);
			mainGroup = 093AE35C2956A07700CE1A61;
			productRefGroup = 093AE3662956A07700CE1A61 /* Products */;
			projectDirPath = "";
			projectRoot = "";
			targets = (
				093AE3642956A07700CE1A61 /* CoreData_Practice */,
			);
		};
/* End PBXProject section */

/* Begin PBXResourcesBuildPhase section */
		093AE3632956A07700CE1A61 /* Resources */ = {
			isa = PBXResourcesBuildPhase;
			buildActionMask = 2147483647;
			files = (
				093AE3782956A07900CE1A61 /* LaunchScreen.storyboard in Resources */,
				093AE3752956A07900CE1A61 /* Assets.xcassets in Resources */,
				093AE3702956A07700CE1A61 /* Main.storyboard in Resources */,
			);
			runOnlyForDeploymentPostprocessing = 0;
		};
/* End PBXResourcesBuildPhase section */

/* Begin PBXSourcesBuildPhase section */
		093AE3612956A07700CE1A61 /* Sources */ = {
			isa = PBXSourcesBuildPhase;
			buildActionMask = 2147483647;
			files = (
				093AE36D2956A07700CE1A61 /* ViewController.swift in Sources */,
				09CA2F8E295A8F2100CE32A9 /* Contact+CoreDataClass.swift in Sources */,
				093AE3692956A07700CE1A61 /* AppDelegate.swift in Sources */,
				093AE36B2956A07700CE1A61 /* SceneDelegate.swift in Sources */,
				09CA2F8F295A8F2100CE32A9 /* Contact+CoreDataProperties.swift in Sources */,
				09C94FE82958B0E70080EF10 /* PersistenceManager.swift.swift in Sources */,
				093AE38D2956EFB900CE1A61 /* Person.swift in Sources */,
				093AE37F2956EB1200CE1A61 /* Model.xcdatamodeld in Sources */,
			);
			runOnlyForDeploymentPostprocessing = 0;
		};
/* End PBXSourcesBuildPhase section */

/* Begin PBXVariantGroup section */
		093AE36E2956A07700CE1A61 /* Main.storyboard */ = {
			isa = PBXVariantGroup;
			children = (
				093AE36F2956A07700CE1A61 /* Base */,
			);
			name = Main.storyboard;
			sourceTree = "<group>";
		};
		093AE3762956A07900CE1A61 /* LaunchScreen.storyboard */ = {
			isa = PBXVariantGroup;
			children = (
				093AE3772956A07900CE1A61 /* Base */,
			);
			name = LaunchScreen.storyboard;
			sourceTree = "<group>";
		};
/* End PBXVariantGroup section */

/* Begin XCBuildConfiguration section */
		093AE37A2956A07900CE1A61 /* Debug */ = {
			isa = XCBuildConfiguration;
			buildSettings = {
				ALWAYS_SEARCH_USER_PATHS = NO;
				CLANG_ANALYZER_NONNULL = YES;
				CLANG_ANALYZER_NUMBER_OBJECT_CONVERSION = YES_AGGRESSIVE;
				CLANG_CXX_LANGUAGE_STANDARD = "gnu++17";
				CLANG_ENABLE_MODULES = YES;
				CLANG_ENABLE_OBJC_ARC = YES;
				CLANG_ENABLE_OBJC_WEAK = YES;
				CLANG_WARN_BLOCK_CAPTURE_AUTORELEASING = YES;
				CLANG_WARN_BOOL_CONVERSION = YES;
				CLANG_WARN_COMMA = YES;
				CLANG_WARN_CONSTANT_CONVERSION = YES;
				CLANG_WARN_DEPRECATED_OBJC_IMPLEMENTATIONS = YES;
				CLANG_WARN_DIRECT_OBJC_ISA_USAGE = YES_ERROR;
				CLANG_WARN_DOCUMENTATION_COMMENTS = YES;
				CLANG_WARN_EMPTY_BODY = YES;
				CLANG_WARN_ENUM_CONVERSION = YES;
				CLANG_WARN_INFINITE_RECURSION = YES;
				CLANG_WARN_INT_CONVERSION = YES;
				CLANG_WARN_NON_LITERAL_NULL_CONVERSION = YES;
				CLANG_WARN_OBJC_IMPLICIT_RETAIN_SELF = YES;
				CLANG_WARN_OBJC_LITERAL_CONVERSION = YES;
				CLANG_WARN_OBJC_ROOT_CLASS = YES_ERROR;
				CLANG_WARN_QUOTED_INCLUDE_IN_FRAMEWORK_HEADER = YES;
				CLANG_WARN_RANGE_LOOP_ANALYSIS = YES;
				CLANG_WARN_STRICT_PROTOTYPES = YES;
				CLANG_WARN_SUSPICIOUS_MOVE = YES;
				CLANG_WARN_UNGUARDED_AVAILABILITY = YES_AGGRESSIVE;
				CLANG_WARN_UNREACHABLE_CODE = YES;
				CLANG_WARN__DUPLICATE_METHOD_MATCH = YES;
				COPY_PHASE_STRIP = NO;
				DEBUG_INFORMATION_FORMAT = dwarf;
				ENABLE_STRICT_OBJC_MSGSEND = YES;
				ENABLE_TESTABILITY = YES;
				GCC_C_LANGUAGE_STANDARD = gnu11;
				GCC_DYNAMIC_NO_PIC = NO;
				GCC_NO_COMMON_BLOCKS = YES;
				GCC_OPTIMIZATION_LEVEL = 0;
				GCC_PREPROCESSOR_DEFINITIONS = (
					"DEBUG=1",
					"$(inherited)",
				);
				GCC_WARN_64_TO_32_BIT_CONVERSION = YES;
				GCC_WARN_ABOUT_RETURN_TYPE = YES_ERROR;
				GCC_WARN_UNDECLARED_SELECTOR = YES;
				GCC_WARN_UNINITIALIZED_AUTOS = YES_AGGRESSIVE;
				GCC_WARN_UNUSED_FUNCTION = YES;
				GCC_WARN_UNUSED_VARIABLE = YES;
				IPHONEOS_DEPLOYMENT_TARGET = 15.5;
				MTL_ENABLE_DEBUG_INFO = INCLUDE_SOURCE;
				MTL_FAST_MATH = YES;
				ONLY_ACTIVE_ARCH = YES;
				SDKROOT = iphoneos;
				SWIFT_ACTIVE_COMPILATION_CONDITIONS = DEBUG;
				SWIFT_OPTIMIZATION_LEVEL = "-Onone";
			};
			name = Debug;
		};
		093AE37B2956A07900CE1A61 /* Release */ = {
			isa = XCBuildConfiguration;
			buildSettings = {
				ALWAYS_SEARCH_USER_PATHS = NO;
				CLANG_ANALYZER_NONNULL = YES;
				CLANG_ANALYZER_NUMBER_OBJECT_CONVERSION = YES_AGGRESSIVE;
				CLANG_CXX_LANGUAGE_STANDARD = "gnu++17";
				CLANG_ENABLE_MODULES = YES;
				CLANG_ENABLE_OBJC_ARC = YES;
				CLANG_ENABLE_OBJC_WEAK = YES;
				CLANG_WARN_BLOCK_CAPTURE_AUTORELEASING = YES;
				CLANG_WARN_BOOL_CONVERSION = YES;
				CLANG_WARN_COMMA = YES;
				CLANG_WARN_CONSTANT_CONVERSION = YES;
				CLANG_WARN_DEPRECATED_OBJC_IMPLEMENTATIONS = YES;
				CLANG_WARN_DIRECT_OBJC_ISA_USAGE = YES_ERROR;
				CLANG_WARN_DOCUMENTATION_COMMENTS = YES;
				CLANG_WARN_EMPTY_BODY = YES;
				CLANG_WARN_ENUM_CONVERSION = YES;
				CLANG_WARN_INFINITE_RECURSION = YES;
				CLANG_WARN_INT_CONVERSION = YES;
				CLANG_WARN_NON_LITERAL_NULL_CONVERSION = YES;
				CLANG_WARN_OBJC_IMPLICIT_RETAIN_SELF = YES;
				CLANG_WARN_OBJC_LITERAL_CONVERSION = YES;
				CLANG_WARN_OBJC_ROOT_CLASS = YES_ERROR;
				CLANG_WARN_QUOTED_INCLUDE_IN_FRAMEWORK_HEADER = YES;
				CLANG_WARN_RANGE_LOOP_ANALYSIS = YES;
				CLANG_WARN_STRICT_PROTOTYPES = YES;
				CLANG_WARN_SUSPICIOUS_MOVE = YES;
				CLANG_WARN_UNGUARDED_AVAILABILITY = YES_AGGRESSIVE;
				CLANG_WARN_UNREACHABLE_CODE = YES;
				CLANG_WARN__DUPLICATE_METHOD_MATCH = YES;
				COPY_PHASE_STRIP = NO;
				DEBUG_INFORMATION_FORMAT = "dwarf-with-dsym";
				ENABLE_NS_ASSERTIONS = NO;
				ENABLE_STRICT_OBJC_MSGSEND = YES;
				GCC_C_LANGUAGE_STANDARD = gnu11;
				GCC_NO_COMMON_BLOCKS = YES;
				GCC_WARN_64_TO_32_BIT_CONVERSION = YES;
				GCC_WARN_ABOUT_RETURN_TYPE = YES_ERROR;
				GCC_WARN_UNDECLARED_SELECTOR = YES;
				GCC_WARN_UNINITIALIZED_AUTOS = YES_AGGRESSIVE;
				GCC_WARN_UNUSED_FUNCTION = YES;
				GCC_WARN_UNUSED_VARIABLE = YES;
				IPHONEOS_DEPLOYMENT_TARGET = 15.5;
				MTL_ENABLE_DEBUG_INFO = NO;
				MTL_FAST_MATH = YES;
				SDKROOT = iphoneos;
				SWIFT_COMPILATION_MODE = wholemodule;
				SWIFT_OPTIMIZATION_LEVEL = "-O";
				VALIDATE_PRODUCT = YES;
			};
			name = Release;
		};
		093AE37D2956A07900CE1A61 /* Debug */ = {
			isa = XCBuildConfiguration;
			buildSettings = {
				ASSETCATALOG_COMPILER_APPICON_NAME = AppIcon;
				ASSETCATALOG_COMPILER_GLOBAL_ACCENT_COLOR_NAME = AccentColor;
				CODE_SIGN_STYLE = Automatic;
				CURRENT_PROJECT_VERSION = 1;
				GENERATE_INFOPLIST_FILE = YES;
				INFOPLIST_FILE = CoreData_Practice/Info.plist;
				INFOPLIST_KEY_UIApplicationSupportsIndirectInputEvents = YES;
				INFOPLIST_KEY_UILaunchStoryboardName = LaunchScreen;
				INFOPLIST_KEY_UIMainStoryboardFile = Main;
				INFOPLIST_KEY_UISupportedInterfaceOrientations_iPad = "UIInterfaceOrientationPortrait UIInterfaceOrientationPortraitUpsideDown UIInterfaceOrientationLandscapeLeft UIInterfaceOrientationLandscapeRight";
				INFOPLIST_KEY_UISupportedInterfaceOrientations_iPhone = "UIInterfaceOrientationPortrait UIInterfaceOrientationLandscapeLeft UIInterfaceOrientationLandscapeRight";
				LD_RUNPATH_SEARCH_PATHS = (
					"$(inherited)",
					"@executable_path/Frameworks",
				);
				MARKETING_VERSION = 1.0;
				PRODUCT_BUNDLE_IDENTIFIER = "revan.mangdi.CoreData-Practice";
				PRODUCT_NAME = "$(TARGET_NAME)";
				SWIFT_EMIT_LOC_STRINGS = YES;
				SWIFT_VERSION = 5.0;
				TARGETED_DEVICE_FAMILY = "1,2";
			};
			name = Debug;
		};
		093AE37E2956A07900CE1A61 /* Release */ = {
			isa = XCBuildConfiguration;
			buildSettings = {
				ASSETCATALOG_COMPILER_APPICON_NAME = AppIcon;
				ASSETCATALOG_COMPILER_GLOBAL_ACCENT_COLOR_NAME = AccentColor;
				CODE_SIGN_STYLE = Automatic;
				CURRENT_PROJECT_VERSION = 1;
				GENERATE_INFOPLIST_FILE = YES;
				INFOPLIST_FILE = CoreData_Practice/Info.plist;
				INFOPLIST_KEY_UIApplicationSupportsIndirectInputEvents = YES;
				INFOPLIST_KEY_UILaunchStoryboardName = LaunchScreen;
				INFOPLIST_KEY_UIMainStoryboardFile = Main;
				INFOPLIST_KEY_UISupportedInterfaceOrientations_iPad = "UIInterfaceOrientationPortrait UIInterfaceOrientationPortraitUpsideDown UIInterfaceOrientationLandscapeLeft UIInterfaceOrientationLandscapeRight";
				INFOPLIST_KEY_UISupportedInterfaceOrientations_iPhone = "UIInterfaceOrientationPortrait UIInterfaceOrientationLandscapeLeft UIInterfaceOrientationLandscapeRight";
				LD_RUNPATH_SEARCH_PATHS = (
					"$(inherited)",
					"@executable_path/Frameworks",
				);
				MARKETING_VERSION = 1.0;
				PRODUCT_BUNDLE_IDENTIFIER = "revan.mangdi.CoreData-Practice";
				PRODUCT_NAME = "$(TARGET_NAME)";
				SWIFT_EMIT_LOC_STRINGS = YES;
				SWIFT_VERSION = 5.0;
				TARGETED_DEVICE_FAMILY = "1,2";
			};
			name = Release;
		};
/* End XCBuildConfiguration section */

/* Begin XCConfigurationList section */
		093AE3602956A07700CE1A61 /* Build configuration list for PBXProject "CoreData_Practice" */ = {
			isa = XCConfigurationList;
			buildConfigurations = (
				093AE37A2956A07900CE1A61 /* Debug */,
				093AE37B2956A07900CE1A61 /* Release */,
			);
			defaultConfigurationIsVisible = 0;
			defaultConfigurationName = Release;
		};
		093AE37C2956A07900CE1A61 /* Build configuration list for PBXNativeTarget "CoreData_Practice" */ = {
			isa = XCConfigurationList;
			buildConfigurations = (
				093AE37D2956A07900CE1A61 /* Debug */,
				093AE37E2956A07900CE1A61 /* Release */,
			);
			defaultConfigurationIsVisible = 0;
			defaultConfigurationName = Release;
		};
/* End XCConfigurationList section */

/* Begin XCVersionGroup section */
		093AE3712956A07700CE1A61 /* Model.xcdatamodeld */ = {
			isa = XCVersionGroup;
			children = (
				093AE3722956A07700CE1A61 /* CoreData_Practice.xcdatamodel */,
			);
			currentVersion = 093AE3722956A07700CE1A61 /* CoreData_Practice.xcdatamodel */;
			path = Model.xcdatamodeld;
			sourceTree = "<group>";
			versionGroupType = wrapper.xcdatamodel;
		};
/* End XCVersionGroup section */
	};
	rootObject = 093AE35D2956A07700CE1A61 /* Project object */;
}
